
Microsoft Visual Studio Solution File, Format Version 12.00
# Visual Studio Version 16
VisualStudioVersion = 16.0.29911.84
MinimumVisualStudioVersion = 10.0.40219.1
Project("{FAE04EC0-301F-11D3-BF4B-00C04F79EFBC}") = "RoomBookingSystem", "RoomBookingSystem\RoomBookingSystem.csproj", "{27014007-0686-4CDE-A02A-5145D01660A6}"
EndProject
Project("{FAE04EC0-301F-11D3-BF4B-00C04F79EFBC}") = "RoomBookingSystem.BL", "RoomBookingSystem.BL\RoomBookingSystem.BL.csproj", "{B3703861-F7F5-4990-8E0D-6C34EB1A90B7}"
EndProject
Global
	GlobalSection(SolutionConfigurationPlatforms) = preSolution
		Debug|Any CPU = Debug|Any CPU
		Release|Any CPU = Release|Any CPU
	EndGlobalSection
	GlobalSection(ProjectConfigurationPlatforms) = postSolution
		{27014007-0686-4CDE-A02A-5145D01660A6}.Debug|Any CPU.ActiveCfg = Debug|Any CPU
		{27014007-0686-4CDE-A02A-5145D01660A6}.Debug|Any CPU.Build.0 = Debug|Any CPU
		{27014007-0686-4CDE-A02A-5145D01660A6}.Release|Any CPU.ActiveCfg = Release|Any CPU
		{27014007-0686-4CDE-A02A-5145D01660A6}.Release|Any CPU.Build.0 = Release|Any CPU
		{B3703861-F7F5-4990-8E0D-6C34EB1A90B7}.Debug|Any CPU.ActiveCfg = Debug|Any CPU
		{B3703861-F7F5-4990-8E0D-6C34EB1A90B7}.Debug|Any CPU.Build.0 = Debug|Any CPU
		{B3703861-F7F5-4990-8E0D-6C34EB1A90B7}.Release|Any CPU.ActiveCfg = Release|Any CPU
		{B3703861-F7F5-4990-8E0D-6C34EB1A90B7}.Release|Any CPU.Build.0 = Release|Any CPU
	EndGlobalSection
	GlobalSection(SolutionProperties) = preSolution
		HideSolutionNode = FALSE
	EndGlobalSection
	GlobalSection(ExtensibilityGlobals) = postSolution
		SolutionGuid = {17287E87-F694-411A-B4FD-53FEE857DA40}
	EndGlobalSection
EndGlobal
